{
  "name": "testapi",
  "version": "1.0.0",
  "lockfileVersion": 2,
  "requires": true,
  "packages": {
    "": {
      "name": "testapi",
      "version": "1.0.0",
      "license": "ISC",
      "dependencies": {
        "pocketbase": "^0.15.3"
      }
    },
    "node_modules/pocketbase": {
      "version": "0.15.3",
      "resolved": "https://registry.npmjs.org/pocketbase/-/pocketbase-0.15.3.tgz",
      "integrity": "sha512-sjM0XO4wHUlVZs94VhRJi4FeYtbLqvxFbRDJlfjFb/4FkxypbGwxLM4HDAEr8q6jdreuxAM1/n/b5HB1GjQ1Vg=="
    }
  },
  "dependencies": {
    "pocketbase": {
      "version": "0.15.3",
      "resolved": "https://registry.npmjs.org/pocketbase/-/pocketbase-0.15.3.tgz",
      "integrity": "sha512-sjM0XO4wHUlVZs94VhRJi4FeYtbLqvxFbRDJlfjFb/4FkxypbGwxLM4HDAEr8q6jdreuxAM1/n/b5HB1GjQ1Vg=="
    }
  }
}
